
Microsoft Visual Studio Solution File, Format Version 12.00
# Visual Studio Version 17
VisualStudioVersion = 17.6.33712.159
MinimumVisualStudioVersion = 10.0.40219.1
Project("{9A19103F-16F7-4668-BE54-9A1E7A4F7556}") = "LeitorNFe.App", "Wingly.Client\LeitorNFe.App.csproj", "{5E70AD79-0625-4D8D-A780-F1F28DC76809}"
EndProject
Project("{2150E333-8FDC-42A3-9474-1A3956D46DE8}") = "src", "src", "{CC7E836C-E5B7-4392-B20E-C3A33D98C3C9}"
EndProject
Project("{2150E333-8FDC-42A3-9474-1A3956D46DE8}") = "Presentation", "Presentation", "{D1822EEE-FE3E-4D35-897B-9F08B281D7E5}"
EndProject
Project("{2150E333-8FDC-42A3-9474-1A3956D46DE8}") = "Core", "Core", "{B47E8845-2D7F-4483-96F6-9345FC4DFD0D}"
EndProject
Project("{2150E333-8FDC-42A3-9474-1A3956D46DE8}") = "Infrastructure", "Infrastructure", "{68488844-F95E-476E-B1E1-D471A929BB72}"
EndProject
Project("{9A19103F-16F7-4668-BE54-9A1E7A4F7556}") = "LeitorNFe.Persistence", "LeitorNFe.Persistence\LeitorNFe.Persistence.csproj", "{910B2721-9575-4155-94A3-F928B422DC18}"
EndProject
Project("{9A19103F-16F7-4668-BE54-9A1E7A4F7556}") = "LeitorNFe.Application", "LeitorNFe.Application\LeitorNFe.Application.csproj", "{78DFEB33-756F-497F-AE75-3D562D87F063}"
EndProject
Project("{9A19103F-16F7-4668-BE54-9A1E7A4F7556}") = "LeitorNFe.Domain", "LeitorNFe.Domain\LeitorNFe.Domain.csproj", "{D75E930E-4969-4736-A6D9-F03029D15198}"
EndProject
Project("{2150E333-8FDC-42A3-9474-1A3956D46DE8}") = "API", "API", "{4C602BA5-0A43-4D05-BAAC-7B027612D4B4}"
EndProject
Project("{9A19103F-16F7-4668-BE54-9A1E7A4F7556}") = "LeitorNFe.API", "LeitorNFe.API\LeitorNFe.API.csproj", "{92D010C3-4079-42F6-B7BD-4C0F233920B4}"
EndProject
Project("{9A19103F-16F7-4668-BE54-9A1E7A4F7556}") = "LeitorNFe.App.Infrastructure", "LeitorNFe.App.Infrastructure\LeitorNFe.App.Infrastructure.csproj", "{E51CE89C-94FC-4982-9FE2-50D435073091}"
EndProject
Project("{2150E333-8FDC-42A3-9474-1A3956D46DE8}") = "Shared", "Shared", "{732AE360-18D5-479D-97A6-9FA8051888CA}"
EndProject
Project("{FAE04EC0-301F-11D3-BF4B-00C04F79EFBC}") = "LeitorNFe.SharedKernel", "LeitorNFe.SharedKernel\LeitorNFe.SharedKernel.csproj", "{1160545B-C407-4377-8CD7-C6EB4E546BB5}"
EndProject
Global
	GlobalSection(SolutionConfigurationPlatforms) = preSolution
		Debug|Any CPU = Debug|Any CPU
		Release|Any CPU = Release|Any CPU
	EndGlobalSection
	GlobalSection(ProjectConfigurationPlatforms) = postSolution
		{5E70AD79-0625-4D8D-A780-F1F28DC76809}.Debug|Any CPU.ActiveCfg = Debug|Any CPU
		{5E70AD79-0625-4D8D-A780-F1F28DC76809}.Debug|Any CPU.Build.0 = Debug|Any CPU
		{5E70AD79-0625-4D8D-A780-F1F28DC76809}.Release|Any CPU.ActiveCfg = Release|Any CPU
		{5E70AD79-0625-4D8D-A780-F1F28DC76809}.Release|Any CPU.Build.0 = Release|Any CPU
		{910B2721-9575-4155-94A3-F928B422DC18}.Debug|Any CPU.ActiveCfg = Debug|Any CPU
		{910B2721-9575-4155-94A3-F928B422DC18}.Debug|Any CPU.Build.0 = Debug|Any CPU
		{910B2721-9575-4155-94A3-F928B422DC18}.Release|Any CPU.ActiveCfg = Release|Any CPU
		{910B2721-9575-4155-94A3-F928B422DC18}.Release|Any CPU.Build.0 = Release|Any CPU
		{78DFEB33-756F-497F-AE75-3D562D87F063}.Debug|Any CPU.ActiveCfg = Debug|Any CPU
		{78DFEB33-756F-497F-AE75-3D562D87F063}.Debug|Any CPU.Build.0 = Debug|Any CPU
		{78DFEB33-756F-497F-AE75-3D562D87F063}.Release|Any CPU.ActiveCfg = Release|Any CPU
		{78DFEB33-756F-497F-AE75-3D562D87F063}.Release|Any CPU.Build.0 = Release|Any CPU
		{D75E930E-4969-4736-A6D9-F03029D15198}.Debug|Any CPU.ActiveCfg = Debug|Any CPU
		{D75E930E-4969-4736-A6D9-F03029D15198}.Debug|Any CPU.Build.0 = Debug|Any CPU
		{D75E930E-4969-4736-A6D9-F03029D15198}.Release|Any CPU.ActiveCfg = Release|Any CPU
		{D75E930E-4969-4736-A6D9-F03029D15198}.Release|Any CPU.Build.0 = Release|Any CPU
		{92D010C3-4079-42F6-B7BD-4C0F233920B4}.Debug|Any CPU.ActiveCfg = Debug|Any CPU
		{92D010C3-4079-42F6-B7BD-4C0F233920B4}.Debug|Any CPU.Build.0 = Debug|Any CPU
		{92D010C3-4079-42F6-B7BD-4C0F233920B4}.Release|Any CPU.ActiveCfg = Release|Any CPU
		{92D010C3-4079-42F6-B7BD-4C0F233920B4}.Release|Any CPU.Build.0 = Release|Any CPU
		{E51CE89C-94FC-4982-9FE2-50D435073091}.Debug|Any CPU.ActiveCfg = Debug|Any CPU
		{E51CE89C-94FC-4982-9FE2-50D435073091}.Debug|Any CPU.Build.0 = Debug|Any CPU
		{E51CE89C-94FC-4982-9FE2-50D435073091}.Release|Any CPU.ActiveCfg = Release|Any CPU
		{E51CE89C-94FC-4982-9FE2-50D435073091}.Release|Any CPU.Build.0 = Release|Any CPU
		{1160545B-C407-4377-8CD7-C6EB4E546BB5}.Debug|Any CPU.ActiveCfg = Debug|Any CPU
		{1160545B-C407-4377-8CD7-C6EB4E546BB5}.Debug|Any CPU.Build.0 = Debug|Any CPU
		{1160545B-C407-4377-8CD7-C6EB4E546BB5}.Release|Any CPU.ActiveCfg = Release|Any CPU
		{1160545B-C407-4377-8CD7-C6EB4E546BB5}.Release|Any CPU.Build.0 = Release|Any CPU
	EndGlobalSection
	GlobalSection(SolutionProperties) = preSolution
		HideSolutionNode = FALSE
	EndGlobalSection
	GlobalSection(NestedProjects) = preSolution
		{5E70AD79-0625-4D8D-A780-F1F28DC76809} = {D1822EEE-FE3E-4D35-897B-9F08B281D7E5}
		{D1822EEE-FE3E-4D35-897B-9F08B281D7E5} = {CC7E836C-E5B7-4392-B20E-C3A33D98C3C9}
		{B47E8845-2D7F-4483-96F6-9345FC4DFD0D} = {CC7E836C-E5B7-4392-B20E-C3A33D98C3C9}
		{68488844-F95E-476E-B1E1-D471A929BB72} = {CC7E836C-E5B7-4392-B20E-C3A33D98C3C9}
		{910B2721-9575-4155-94A3-F928B422DC18} = {68488844-F95E-476E-B1E1-D471A929BB72}
		{78DFEB33-756F-497F-AE75-3D562D87F063} = {B47E8845-2D7F-4483-96F6-9345FC4DFD0D}
		{D75E930E-4969-4736-A6D9-F03029D15198} = {B47E8845-2D7F-4483-96F6-9345FC4DFD0D}
		{4C602BA5-0A43-4D05-BAAC-7B027612D4B4} = {CC7E836C-E5B7-4392-B20E-C3A33D98C3C9}
		{92D010C3-4079-42F6-B7BD-4C0F233920B4} = {4C602BA5-0A43-4D05-BAAC-7B027612D4B4}
		{E51CE89C-94FC-4982-9FE2-50D435073091} = {68488844-F95E-476E-B1E1-D471A929BB72}
		{732AE360-18D5-479D-97A6-9FA8051888CA} = {CC7E836C-E5B7-4392-B20E-C3A33D98C3C9}
		{1160545B-C407-4377-8CD7-C6EB4E546BB5} = {732AE360-18D5-479D-97A6-9FA8051888CA}
	EndGlobalSection
	GlobalSection(ExtensibilityGlobals) = postSolution
		SolutionGuid = {928694B7-A8B5-4AB7-9833-B3AA73A4FEA9}
	EndGlobalSection
EndGlobal
